// !$*UTF8*$!
{
	archiveVersion = 1;
	classes = {
	};
	objectVersion = 56;
	objects = {

/* Begin PBXBuildFile section */
		143EF2289915C94E07D1AEDA /* Pods_blinqpost.framework in Frameworks */ = {isa = PBXBuildFile; fileRef = 976B6D7C45EC4DF52CDC5FD8 /* Pods_blinqpost.framework */; };
		9322C402291DFFA700C90214 /* FirebaseAnalyticsWithoutAdIdSupport in Frameworks */ = {isa = PBXBuildFile; productRef = 9322C401291DFFA700C90214 /* FirebaseAnalyticsWithoutAdIdSupport */; };
		9322C404291DFFA700C90214 /* FirebaseFirestore in Frameworks */ = {isa = PBXBuildFile; productRef = 9322C403291DFFA700C90214 /* FirebaseFirestore */; };
		9322C406291DFFA700C90214 /* FirebaseFirestoreSwift in Frameworks */ = {isa = PBXBuildFile; productRef = 9322C405291DFFA700C90214 /* FirebaseFirestoreSwift */; };
		9342EFF02916AFC900E1C586 /* AppDelegate.swift in Sources */ = {isa = PBXBuildFile; fileRef = 9342EFEF2916AFC900E1C586 /* AppDelegate.swift */; };
		9342EFF22916AFC900E1C586 /* SceneDelegate.swift in Sources */ = {isa = PBXBuildFile; fileRef = 9342EFF12916AFC900E1C586 /* SceneDelegate.swift */; };
		9342EFF42916AFC900E1C586 /* ViewController.swift in Sources */ = {isa = PBXBuildFile; fileRef = 9342EFF32916AFC900E1C586 /* ViewController.swift */; };
		9342EFF92916AFCB00E1C586 /* Assets.xcassets in Resources */ = {isa = PBXBuildFile; fileRef = 9342EFF82916AFCB00E1C586 /* Assets.xcassets */; };
		9342EFFC2916AFCB00E1C586 /* LaunchScreen.storyboard in Resources */ = {isa = PBXBuildFile; fileRef = 9342EFFA2916AFCB00E1C586 /* LaunchScreen.storyboard */; };
		9342F0042916B01600E1C586 /* GoogleService-Info.plist in Resources */ = {isa = PBXBuildFile; fileRef = 9342F0032916B01600E1C586 /* GoogleService-Info.plist */; };
		93838D6D291E2DCE0095595D /* BlinqPayFirestoreCollection.swift in Sources */ = {isa = PBXBuildFile; fileRef = 93838D6C291E2DCE0095595D /* BlinqPayFirestoreCollection.swift */; };
		93838D6F291E2E000095595D /* BlinqpayRequestType.swift in Sources */ = {isa = PBXBuildFile; fileRef = 93838D6E291E2E000095595D /* BlinqpayRequestType.swift */; };
		93838D71291E2E4E0095595D /* BlinqOperation.swift in Sources */ = {isa = PBXBuildFile; fileRef = 93838D70291E2E4E0095595D /* BlinqOperation.swift */; };
		93838D73291E2E840095595D /* BlinqRouter.swift in Sources */ = {isa = PBXBuildFile; fileRef = 93838D72291E2E840095595D /* BlinqRouter.swift */; };
		93838D75291E2EA40095595D /* BlinqRequestParameter.swift in Sources */ = {isa = PBXBuildFile; fileRef = 93838D74291E2EA40095595D /* BlinqRequestParameter.swift */; };
		93838D78291E2F2B0095595D /* UserAPI.swift in Sources */ = {isa = PBXBuildFile; fileRef = 93838D77291E2F2B0095595D /* UserAPI.swift */; };
		93838D7A291E2FE70095595D /* UserService.swift in Sources */ = {isa = PBXBuildFile; fileRef = 93838D79291E2FE70095595D /* UserService.swift */; };
		93838D7D291E34030095595D /* ViewModel.swift in Sources */ = {isa = PBXBuildFile; fileRef = 93838D7C291E34030095595D /* ViewModel.swift */; };
		93838D81291E34FA0095595D /* MediaProtocol.swift in Sources */ = {isa = PBXBuildFile; fileRef = 93838D80291E34FA0095595D /* MediaProtocol.swift */; };
		93838D83291E351E0095595D /* MediaDataModel.swift in Sources */ = {isa = PBXBuildFile; fileRef = 93838D82291E351E0095595D /* MediaDataModel.swift */; };
		93838D85291E35890095595D /* UserProfileModel.swift in Sources */ = {isa = PBXBuildFile; fileRef = 93838D84291E35890095595D /* UserProfileModel.swift */; };
		93838D87291E3B190095595D /* CoordinatorProtocol.swift in Sources */ = {isa = PBXBuildFile; fileRef = 93838D86291E3B190095595D /* CoordinatorProtocol.swift */; };
		93838D8A291E3B630095595D /* MainCoordinator.swift in Sources */ = {isa = PBXBuildFile; fileRef = 93838D89291E3B630095595D /* MainCoordinator.swift */; };
		93838D8D291E3D870095595D /* AlertExtension.swift in Sources */ = {isa = PBXBuildFile; fileRef = 93838D8C291E3D870095595D /* AlertExtension.swift */; };
		93838D8F291E3DB40095595D /* UIExtension.swift in Sources */ = {isa = PBXBuildFile; fileRef = 93838D8E291E3DB40095595D /* UIExtension.swift */; };
		93838D92291E3EA20095595D /* CustomTextField.swift in Sources */ = {isa = PBXBuildFile; fileRef = 93838D91291E3EA20095595D /* CustomTextField.swift */; };
		93838D94291E3FA00095595D /* CustomSegmentedControl.swift in Sources */ = {isa = PBXBuildFile; fileRef = 93838D93291E3FA00095595D /* CustomSegmentedControl.swift */; };
		93838D96291E40860095595D /* CellView.swift in Sources */ = {isa = PBXBuildFile; fileRef = 93838D95291E40860095595D /* CellView.swift */; };
		93838D99291E41CB0095595D /* Kingfisher in Frameworks */ = {isa = PBXBuildFile; productRef = 93838D98291E41CB0095595D /* Kingfisher */; };
		93838D9C291E41F40095595D /* ProfileHeaderView.swift in Sources */ = {isa = PBXBuildFile; fileRef = 93838D9B291E41F40095595D /* ProfileHeaderView.swift */; };
		93838D9F291E4CFF0095595D /* CollectionCell.swift in Sources */ = {isa = PBXBuildFile; fileRef = 93838D9E291E4CFF0095595D /* CollectionCell.swift */; };
		93EDF574291E6D4200BB7100 /* EmptyHeader.swift in Sources */ = {isa = PBXBuildFile; fileRef = 93EDF573291E6D4200BB7100 /* EmptyHeader.swift */; };
/* End PBXBuildFile section */

/* Begin PBXFileReference section */
		2660FA718ADA2F07CCA27071 /* Pods-blinqpost.release.xcconfig */ = {isa = PBXFileReference; includeInIndex = 1; lastKnownFileType = text.xcconfig; name = "Pods-blinqpost.release.xcconfig"; path = "Target Support Files/Pods-blinqpost/Pods-blinqpost.release.xcconfig"; sourceTree = "<group>"; };
		8A6CE9811D831DC0FFC1E3C0 /* Pods-blinqpost.debug.xcconfig */ = {isa = PBXFileReference; includeInIndex = 1; lastKnownFileType = text.xcconfig; name = "Pods-blinqpost.debug.xcconfig"; path = "Target Support Files/Pods-blinqpost/Pods-blinqpost.debug.xcconfig"; sourceTree = "<group>"; };
		9342EFEC2916AFC900E1C586 /* blinqpost.app */ = {isa = PBXFileReference; explicitFileType = wrapper.application; includeInIndex = 0; path = blinqpost.app; sourceTree = BUILT_PRODUCTS_DIR; };
		9342EFEF2916AFC900E1C586 /* AppDelegate.swift */ = {isa = PBXFileReference; lastKnownFileType = sourcecode.swift; path = AppDelegate.swift; sourceTree = "<group>"; };
		9342EFF12916AFC900E1C586 /* SceneDelegate.swift */ = {isa = PBXFileReference; lastKnownFileType = sourcecode.swift; path = SceneDelegate.swift; sourceTree = "<group>"; };
		9342EFF32916AFC900E1C586 /* ViewController.swift */ = {isa = PBXFileReference; lastKnownFileType = sourcecode.swift; path = ViewController.swift; sourceTree = "<group>"; };
		9342EFF82916AFCB00E1C586 /* Assets.xcassets */ = {isa = PBXFileReference; lastKnownFileType = folder.assetcatalog; path = Assets.xcassets; sourceTree = "<group>"; };
		9342EFFB2916AFCB00E1C586 /* Base */ = {isa = PBXFileReference; lastKnownFileType = file.storyboard; name = Base; path = Base.lproj/LaunchScreen.storyboard; sourceTree = "<group>"; };
		9342EFFD2916AFCB00E1C586 /* Info.plist */ = {isa = PBXFileReference; lastKnownFileType = text.plist.xml; path = Info.plist; sourceTree = "<group>"; };
		9342F0032916B01600E1C586 /* GoogleService-Info.plist */ = {isa = PBXFileReference; fileEncoding = 4; lastKnownFileType = text.plist.xml; path = "GoogleService-Info.plist"; sourceTree = "<group>"; };
		93838D6C291E2DCE0095595D /* BlinqPayFirestoreCollection.swift */ = {isa = PBXFileReference; lastKnownFileType = sourcecode.swift; path = BlinqPayFirestoreCollection.swift; sourceTree = "<group>"; };
		93838D6E291E2E000095595D /* BlinqpayRequestType.swift */ = {isa = PBXFileReference; lastKnownFileType = sourcecode.swift; path = BlinqpayRequestType.swift; sourceTree = "<group>"; };
		93838D70291E2E4E0095595D /* BlinqOperation.swift */ = {isa = PBXFileReference; lastKnownFileType = sourcecode.swift; path = BlinqOperation.swift; sourceTree = "<group>"; };
		93838D72291E2E840095595D /* BlinqRouter.swift */ = {isa = PBXFileReference; lastKnownFileType = sourcecode.swift; path = BlinqRouter.swift; sourceTree = "<group>"; };
		93838D74291E2EA40095595D /* BlinqRequestParameter.swift */ = {isa = PBXFileReference; lastKnownFileType = sourcecode.swift; path = BlinqRequestParameter.swift; sourceTree = "<group>"; };
		93838D77291E2F2B0095595D /* UserAPI.swift */ = {isa = PBXFileReference; lastKnownFileType = sourcecode.swift; path = UserAPI.swift; sourceTree = "<group>"; };
		93838D79291E2FE70095595D /* UserService.swift */ = {isa = PBXFileReference; lastKnownFileType = sourcecode.swift; path = UserService.swift; sourceTree = "<group>"; };
		93838D7C291E34030095595D /* ViewModel.swift */ = {isa = PBXFileReference; lastKnownFileType = sourcecode.swift; path = ViewModel.swift; sourceTree = "<group>"; };
		93838D80291E34FA0095595D /* MediaProtocol.swift */ = {isa = PBXFileReference; lastKnownFileType = sourcecode.swift; path = MediaProtocol.swift; sourceTree = "<group>"; };
		93838D82291E351E0095595D /* MediaDataModel.swift */ = {isa = PBXFileReference; lastKnownFileType = sourcecode.swift; path = MediaDataModel.swift; sourceTree = "<group>"; };
		93838D84291E35890095595D /* UserProfileModel.swift */ = {isa = PBXFileReference; lastKnownFileType = sourcecode.swift; path = UserProfileModel.swift; sourceTree = "<group>"; };
		93838D86291E3B190095595D /* CoordinatorProtocol.swift */ = {isa = PBXFileReference; lastKnownFileType = sourcecode.swift; path = CoordinatorProtocol.swift; sourceTree = "<group>"; };
		93838D89291E3B630095595D /* MainCoordinator.swift */ = {isa = PBXFileReference; lastKnownFileType = sourcecode.swift; path = MainCoordinator.swift; sourceTree = "<group>"; };
		93838D8C291E3D870095595D /* AlertExtension.swift */ = {isa = PBXFileReference; lastKnownFileType = sourcecode.swift; path = AlertExtension.swift; sourceTree = "<group>"; };
		93838D8E291E3DB40095595D /* UIExtension.swift */ = {isa = PBXFileReference; lastKnownFileType = sourcecode.swift; path = UIExtension.swift; sourceTree = "<group>"; };
		93838D91291E3EA20095595D /* CustomTextField.swift */ = {isa = PBXFileReference; lastKnownFileType = sourcecode.swift; path = CustomTextField.swift; sourceTree = "<group>"; };
		93838D93291E3FA00095595D /* CustomSegmentedControl.swift */ = {isa = PBXFileReference; lastKnownFileType = sourcecode.swift; path = CustomSegmentedControl.swift; sourceTree = "<group>"; };
		93838D95291E40860095595D /* CellView.swift */ = {isa = PBXFileReference; lastKnownFileType = sourcecode.swift; path = CellView.swift; sourceTree = "<group>"; };
		93838D9B291E41F40095595D /* ProfileHeaderView.swift */ = {isa = PBXFileReference; lastKnownFileType = sourcecode.swift; path = ProfileHeaderView.swift; sourceTree = "<group>"; };
		93838D9E291E4CFF0095595D /* CollectionCell.swift */ = {isa = PBXFileReference; lastKnownFileType = sourcecode.swift; path = CollectionCell.swift; sourceTree = "<group>"; };
		93EDF573291E6D4200BB7100 /* EmptyHeader.swift */ = {isa = PBXFileReference; lastKnownFileType = sourcecode.swift; path = EmptyHeader.swift; sourceTree = "<group>"; };
		976B6D7C45EC4DF52CDC5FD8 /* Pods_blinqpost.framework */ = {isa = PBXFileReference; explicitFileType = wrapper.framework; includeInIndex = 0; path = Pods_blinqpost.framework; sourceTree = BUILT_PRODUCTS_DIR; };
/* End PBXFileReference section */

/* Begin PBXFrameworksBuildPhase section */
		9342EFE92916AFC900E1C586 /* Frameworks */ = {
			isa = PBXFrameworksBuildPhase;
			buildActionMask = 2147483647;
			files = (
				9322C402291DFFA700C90214 /* FirebaseAnalyticsWithoutAdIdSupport in Frameworks */,
				9322C404291DFFA700C90214 /* FirebaseFirestore in Frameworks */,
				9322C406291DFFA700C90214 /* FirebaseFirestoreSwift in Frameworks */,
				143EF2289915C94E07D1AEDA /* Pods_blinqpost.framework in Frameworks */,
				93838D99291E41CB0095595D /* Kingfisher in Frameworks */,
			);
			runOnlyForDeploymentPostprocessing = 0;
		};
/* End PBXFrameworksBuildPhase section */

/* Begin PBXGroup section */
		35A6F4CE7D70F2E05CBA8DC9 /* Frameworks */ = {
			isa = PBXGroup;
			children = (
				976B6D7C45EC4DF52CDC5FD8 /* Pods_blinqpost.framework */,
			);
			name = Frameworks;
			sourceTree = "<group>";
		};
		63E56D4F50EB430B89B4DA3C /* Pods */ = {
			isa = PBXGroup;
			children = (
				8A6CE9811D831DC0FFC1E3C0 /* Pods-blinqpost.debug.xcconfig */,
				2660FA718ADA2F07CCA27071 /* Pods-blinqpost.release.xcconfig */,
			);
			path = Pods;
			sourceTree = "<group>";
		};
		9342EFE32916AFC900E1C586 = {
			isa = PBXGroup;
			children = (
				9342EFEE2916AFC900E1C586 /* blinqpost */,
				9342EFED2916AFC900E1C586 /* Products */,
				63E56D4F50EB430B89B4DA3C /* Pods */,
				35A6F4CE7D70F2E05CBA8DC9 /* Frameworks */,
			);
			sourceTree = "<group>";
		};
		9342EFED2916AFC900E1C586 /* Products */ = {
			isa = PBXGroup;
			children = (
				9342EFEC2916AFC900E1C586 /* blinqpost.app */,
			);
			name = Products;
			sourceTree = "<group>";
		};
		9342EFEE2916AFC900E1C586 /* blinqpost */ = {
			isa = PBXGroup;
			children = (
				93838D9D291E4CE30095595D /* CollectionCell */,
				93838D90291E3E840095595D /* ReusableComponents */,
				93838D8B291E3D450095595D /* Utilities */,
				93838D88291E3B480095595D /* Coordinators */,
				93838D7F291E34BC0095595D /* Protocols */,
				93838D7E291E34B20095595D /* Models */,
				93838D7B291E33EA0095595D /* Main */,
				93838D76291E2F110095595D /* NetworkService */,
				93838D6B291E2D040095595D /* NetworkManager */,
				9342EFEF2916AFC900E1C586 /* AppDelegate.swift */,
				9342EFF12916AFC900E1C586 /* SceneDelegate.swift */,
				9342EFF82916AFCB00E1C586 /* Assets.xcassets */,
				9342EFFA2916AFCB00E1C586 /* LaunchScreen.storyboard */,
				9342F0032916B01600E1C586 /* GoogleService-Info.plist */,
				9342EFFD2916AFCB00E1C586 /* Info.plist */,
			);
			path = blinqpost;
			sourceTree = "<group>";
		};
		93838D6B291E2D040095595D /* NetworkManager */ = {
			isa = PBXGroup;
			children = (
				93838D6C291E2DCE0095595D /* BlinqPayFirestoreCollection.swift */,
				93838D6E291E2E000095595D /* BlinqpayRequestType.swift */,
				93838D70291E2E4E0095595D /* BlinqOperation.swift */,
				93838D72291E2E840095595D /* BlinqRouter.swift */,
				93838D74291E2EA40095595D /* BlinqRequestParameter.swift */,
			);
			path = NetworkManager;
			sourceTree = "<group>";
		};
		93838D76291E2F110095595D /* NetworkService */ = {
			isa = PBXGroup;
			children = (
				93838D77291E2F2B0095595D /* UserAPI.swift */,
				93838D79291E2FE70095595D /* UserService.swift */,
			);
			path = NetworkService;
			sourceTree = "<group>";
		};
		93838D7B291E33EA0095595D /* Main */ = {
			isa = PBXGroup;
			children = (
				9342EFF32916AFC900E1C586 /* ViewController.swift */,
				93838D7C291E34030095595D /* ViewModel.swift */,
			);
			path = Main;
			sourceTree = "<group>";
		};
		93838D7E291E34B20095595D /* Models */ = {
			isa = PBXGroup;
			children = (
				93838D82291E351E0095595D /* MediaDataModel.swift */,
				93838D84291E35890095595D /* UserProfileModel.swift */,
			);
			path = Models;
			sourceTree = "<group>";
		};
		93838D7F291E34BC0095595D /* Protocols */ = {
			isa = PBXGroup;
			children = (
				93838D80291E34FA0095595D /* MediaProtocol.swift */,
				93838D86291E3B190095595D /* CoordinatorProtocol.swift */,
			);
			path = Protocols;
			sourceTree = "<group>";
		};
		93838D88291E3B480095595D /* Coordinators */ = {
			isa = PBXGroup;
			children = (
				93838D89291E3B630095595D /* MainCoordinator.swift */,
			);
			path = Coordinators;
			sourceTree = "<group>";
		};
		93838D8B291E3D450095595D /* Utilities */ = {
			isa = PBXGroup;
			children = (
				93838D8C291E3D870095595D /* AlertExtension.swift */,
				93838D8E291E3DB40095595D /* UIExtension.swift */,
			);
			path = Utilities;
			sourceTree = "<group>";
		};
		93838D90291E3E840095595D /* ReusableComponents */ = {
			isa = PBXGroup;
			children = (
				93838D91291E3EA20095595D /* CustomTextField.swift */,
				93838D93291E3FA00095595D /* CustomSegmentedControl.swift */,
				93838D95291E40860095595D /* CellView.swift */,
				93838D9B291E41F40095595D /* ProfileHeaderView.swift */,
			);
			path = ReusableComponents;
			sourceTree = "<group>";
		};
		93838D9D291E4CE30095595D /* CollectionCell */ = {
			isa = PBXGroup;
			children = (
				93838D9E291E4CFF0095595D /* CollectionCell.swift */,
				93EDF573291E6D4200BB7100 /* EmptyHeader.swift */,
			);
			path = CollectionCell;
			sourceTree = "<group>";
		};
/* End PBXGroup section */

/* Begin PBXNativeTarget section */
		9342EFEB2916AFC900E1C586 /* blinqpost */ = {
			isa = PBXNativeTarget;
			buildConfigurationList = 9342F0002916AFCB00E1C586 /* Build configuration list for PBXNativeTarget "blinqpost" */;
			buildPhases = (
				BAB82857EA38B110DD996BE0 /* [CP] Check Pods Manifest.lock */,
				9342EFE82916AFC900E1C586 /* Sources */,
				9342EFE92916AFC900E1C586 /* Frameworks */,
				9342EFEA2916AFC900E1C586 /* Resources */,
				F259EA43883AFFC35F2F8034 /* [CP] Embed Pods Frameworks */,
			);
			buildRules = (
			);
			dependencies = (
			);
			name = blinqpost;
			packageProductDependencies = (
				9322C401291DFFA700C90214 /* FirebaseAnalyticsWithoutAdIdSupport */,
				9322C403291DFFA700C90214 /* FirebaseFirestore */,
				9322C405291DFFA700C90214 /* FirebaseFirestoreSwift */,
				93838D98291E41CB0095595D /* Kingfisher */,
			);
			productName = blinqpost;
			productReference = 9342EFEC2916AFC900E1C586 /* blinqpost.app */;
			productType = "com.apple.product-type.application";
		};
/* End PBXNativeTarget section */

/* Begin PBXProject section */
		9342EFE42916AFC900E1C586 /* Project object */ = {
			isa = PBXProject;
			attributes = {
				BuildIndependentTargetsInParallel = 1;
				LastSwiftUpdateCheck = 1400;
				LastUpgradeCheck = 1400;
				TargetAttributes = {
					9342EFEB2916AFC900E1C586 = {
						CreatedOnToolsVersion = 14.0;
					};
				};
			};
			buildConfigurationList = 9342EFE72916AFC900E1C586 /* Build configuration list for PBXProject "blinqpost" */;
			compatibilityVersion = "Xcode 14.0";
			developmentRegion = en;
			hasScannedForEncodings = 0;
			knownRegions = (
				en,
				Base,
			);
			mainGroup = 9342EFE32916AFC900E1C586;
			packageReferences = (
				9322C400291DFFA700C90214 /* XCRemoteSwiftPackageReference "firebase-ios-sdk" */,
				93838D97291E41CB0095595D /* XCRemoteSwiftPackageReference "Kingfisher" */,
			);
			productRefGroup = 9342EFED2916AFC900E1C586 /* Products */;
			projectDirPath = "";
			projectRoot = "";
			targets = (
				9342EFEB2916AFC900E1C586 /* blinqpost */,
			);
		};
/* End PBXProject section */

/* Begin PBXResourcesBuildPhase section */
		9342EFEA2916AFC900E1C586 /* Resources */ = {
			isa = PBXResourcesBuildPhase;
			buildActionMask = 2147483647;
			files = (
				9342EFFC2916AFCB00E1C586 /* LaunchScreen.storyboard in Resources */,
				9342F0042916B01600E1C586 /* GoogleService-Info.plist in Resources */,
				9342EFF92916AFCB00E1C586 /* Assets.xcassets in Resources */,
			);
			runOnlyForDeploymentPostprocessing = 0;
		};
/* End PBXResourcesBuildPhase section */

/* Begin PBXShellScriptBuildPhase section */
		BAB82857EA38B110DD996BE0 /* [CP] Check Pods Manifest.lock */ = {
			isa = PBXShellScriptBuildPhase;
			buildActionMask = 2147483647;
			files = (
			);
			inputFileListPaths = (
			);
			inputPaths = (
				"${PODS_PODFILE_DIR_PATH}/Podfile.lock",
				"${PODS_ROOT}/Manifest.lock",
			);
			name = "[CP] Check Pods Manifest.lock";
			outputFileListPaths = (
			);
			outputPaths = (
				"$(DERIVED_FILE_DIR)/Pods-blinqpost-checkManifestLockResult.txt",
			);
			runOnlyForDeploymentPostprocessing = 0;
			shellPath = /bin/sh;
			shellScript = "diff \"${PODS_PODFILE_DIR_PATH}/Podfile.lock\" \"${PODS_ROOT}/Manifest.lock\" > /dev/null\nif [ $? != 0 ] ; then\n    # print error to STDERR\n    echo \"error: The sandbox is not in sync with the Podfile.lock. Run 'pod install' or update your CocoaPods installation.\" >&2\n    exit 1\nfi\n# This output is used by Xcode 'outputs' to avoid re-running this script phase.\necho \"SUCCESS\" > \"${SCRIPT_OUTPUT_FILE_0}\"\n";
			showEnvVarsInLog = 0;
		};
		F259EA43883AFFC35F2F8034 /* [CP] Embed Pods Frameworks */ = {
			isa = PBXShellScriptBuildPhase;
			buildActionMask = 2147483647;
			files = (
			);
			inputFileListPaths = (
				"${PODS_ROOT}/Target Support Files/Pods-blinqpost/Pods-blinqpost-frameworks-${CONFIGURATION}-input-files.xcfilelist",
			);
			name = "[CP] Embed Pods Frameworks";
			outputFileListPaths = (
				"${PODS_ROOT}/Target Support Files/Pods-blinqpost/Pods-blinqpost-frameworks-${CONFIGURATION}-output-files.xcfilelist",
			);
			runOnlyForDeploymentPostprocessing = 0;
			shellPath = /bin/sh;
			shellScript = "\"${PODS_ROOT}/Target Support Files/Pods-blinqpost/Pods-blinqpost-frameworks.sh\"\n";
			showEnvVarsInLog = 0;
		};
/* End PBXShellScriptBuildPhase section */

/* Begin PBXSourcesBuildPhase section */
		9342EFE82916AFC900E1C586 /* Sources */ = {
			isa = PBXSourcesBuildPhase;
			buildActionMask = 2147483647;
			files = (
				93838D73291E2E840095595D /* BlinqRouter.swift in Sources */,
				93838D71291E2E4E0095595D /* BlinqOperation.swift in Sources */,
				93838D87291E3B190095595D /* CoordinatorProtocol.swift in Sources */,
				93838D94291E3FA00095595D /* CustomSegmentedControl.swift in Sources */,
				93838D85291E35890095595D /* UserProfileModel.swift in Sources */,
				93838D78291E2F2B0095595D /* UserAPI.swift in Sources */,
				93838D92291E3EA20095595D /* CustomTextField.swift in Sources */,
				93838D7D291E34030095595D /* ViewModel.swift in Sources */,
				93838D81291E34FA0095595D /* MediaProtocol.swift in Sources */,
				9342EFF42916AFC900E1C586 /* ViewController.swift in Sources */,
				93838D8D291E3D870095595D /* AlertExtension.swift in Sources */,
				93838D6D291E2DCE0095595D /* BlinqPayFirestoreCollection.swift in Sources */,
				93EDF574291E6D4200BB7100 /* EmptyHeader.swift in Sources */,
				93838D8A291E3B630095595D /* MainCoordinator.swift in Sources */,
				93838D9C291E41F40095595D /* ProfileHeaderView.swift in Sources */,
				9342EFF02916AFC900E1C586 /* AppDelegate.swift in Sources */,
				93838D9F291E4CFF0095595D /* CollectionCell.swift in Sources */,
				93838D7A291E2FE70095595D /* UserService.swift in Sources */,
				93838D8F291E3DB40095595D /* UIExtension.swift in Sources */,
				93838D6F291E2E000095595D /* BlinqpayRequestType.swift in Sources */,
				93838D83291E351E0095595D /* MediaDataModel.swift in Sources */,
				93838D75291E2EA40095595D /* BlinqRequestParameter.swift in Sources */,
				9342EFF22916AFC900E1C586 /* SceneDelegate.swift in Sources */,
				93838D96291E40860095595D /* CellView.swift in Sources */,
			);
			runOnlyForDeploymentPostprocessing = 0;
		};
/* End PBXSourcesBuildPhase section */

/* Begin PBXVariantGroup section */
		9342EFFA2916AFCB00E1C586 /* LaunchScreen.storyboard */ = {
			isa = PBXVariantGroup;
			children = (
				9342EFFB2916AFCB00E1C586 /* Base */,
			);
			name = LaunchScreen.storyboard;
			sourceTree = "<group>";
		};
/* End PBXVariantGroup section */

/* Begin XCBuildConfiguration section */
		9342EFFE2916AFCB00E1C586 /* Debug */ = {
			isa = XCBuildConfiguration;
			buildSettings = {
				ALWAYS_SEARCH_USER_PATHS = NO;
				CLANG_ANALYZER_NONNULL = YES;
				CLANG_ANALYZER_NUMBER_OBJECT_CONVERSION = YES_AGGRESSIVE;
				CLANG_CXX_LANGUAGE_STANDARD = "gnu++20";
				CLANG_ENABLE_MODULES = YES;
				CLANG_ENABLE_OBJC_ARC = YES;
				CLANG_ENABLE_OBJC_WEAK = YES;
				CLANG_WARN_BLOCK_CAPTURE_AUTORELEASING = YES;
				CLANG_WARN_BOOL_CONVERSION = YES;
				CLANG_WARN_COMMA = YES;
				CLANG_WARN_CONSTANT_CONVERSION = YES;
				CLANG_WARN_DEPRECATED_OBJC_IMPLEMENTATIONS = YES;
				CLANG_WARN_DIRECT_OBJC_ISA_USAGE = YES_ERROR;
				CLANG_WARN_DOCUMENTATION_COMMENTS = YES;
				CLANG_WARN_EMPTY_BODY = YES;
				CLANG_WARN_ENUM_CONVERSION = YES;
				CLANG_WARN_INFINITE_RECURSION = YES;
				CLANG_WARN_INT_CONVERSION = YES;
				CLANG_WARN_NON_LITERAL_NULL_CONVERSION = YES;
				CLANG_WARN_OBJC_IMPLICIT_RETAIN_SELF = YES;
				CLANG_WARN_OBJC_LITERAL_CONVERSION = YES;
				CLANG_WARN_OBJC_ROOT_CLASS = YES_ERROR;
				CLANG_WARN_QUOTED_INCLUDE_IN_FRAMEWORK_HEADER = YES;
				CLANG_WARN_RANGE_LOOP_ANALYSIS = YES;
				CLANG_WARN_STRICT_PROTOTYPES = YES;
				CLANG_WARN_SUSPICIOUS_MOVE = YES;
				CLANG_WARN_UNGUARDED_AVAILABILITY = YES_AGGRESSIVE;
				CLANG_WARN_UNREACHABLE_CODE = YES;
				CLANG_WARN__DUPLICATE_METHOD_MATCH = YES;
				COPY_PHASE_STRIP = NO;
				DEBUG_INFORMATION_FORMAT = dwarf;
				ENABLE_STRICT_OBJC_MSGSEND = YES;
				ENABLE_TESTABILITY = YES;
				GCC_C_LANGUAGE_STANDARD = gnu11;
				GCC_DYNAMIC_NO_PIC = NO;
				GCC_NO_COMMON_BLOCKS = YES;
				GCC_OPTIMIZATION_LEVEL = 0;
				GCC_PREPROCESSOR_DEFINITIONS = (
					"DEBUG=1",
					"$(inherited)",
				);
				GCC_WARN_64_TO_32_BIT_CONVERSION = YES;
				GCC_WARN_ABOUT_RETURN_TYPE = YES_ERROR;
				GCC_WARN_UNDECLARED_SELECTOR = YES;
				GCC_WARN_UNINITIALIZED_AUTOS = YES_AGGRESSIVE;
				GCC_WARN_UNUSED_FUNCTION = YES;
				GCC_WARN_UNUSED_VARIABLE = YES;
				IPHONEOS_DEPLOYMENT_TARGET = 16.0;
				MTL_ENABLE_DEBUG_INFO = INCLUDE_SOURCE;
				MTL_FAST_MATH = YES;
				ONLY_ACTIVE_ARCH = YES;
				SDKROOT = iphoneos;
				SWIFT_ACTIVE_COMPILATION_CONDITIONS = DEBUG;
				SWIFT_OPTIMIZATION_LEVEL = "-Onone";
			};
			name = Debug;
		};
		9342EFFF2916AFCB00E1C586 /* Release */ = {
			isa = XCBuildConfiguration;
			buildSettings = {
				ALWAYS_SEARCH_USER_PATHS = NO;
				CLANG_ANALYZER_NONNULL = YES;
				CLANG_ANALYZER_NUMBER_OBJECT_CONVERSION = YES_AGGRESSIVE;
				CLANG_CXX_LANGUAGE_STANDARD = "gnu++20";
				CLANG_ENABLE_MODULES = YES;
				CLANG_ENABLE_OBJC_ARC = YES;
				CLANG_ENABLE_OBJC_WEAK = YES;
				CLANG_WARN_BLOCK_CAPTURE_AUTORELEASING = YES;
				CLANG_WARN_BOOL_CONVERSION = YES;
				CLANG_WARN_COMMA = YES;
				CLANG_WARN_CONSTANT_CONVERSION = YES;
				CLANG_WARN_DEPRECATED_OBJC_IMPLEMENTATIONS = YES;
				CLANG_WARN_DIRECT_OBJC_ISA_USAGE = YES_ERROR;
				CLANG_WARN_DOCUMENTATION_COMMENTS = YES;
				CLANG_WARN_EMPTY_BODY = YES;
				CLANG_WARN_ENUM_CONVERSION = YES;
				CLANG_WARN_INFINITE_RECURSION = YES;
				CLANG_WARN_INT_CONVERSION = YES;
				CLANG_WARN_NON_LITERAL_NULL_CONVERSION = YES;
				CLANG_WARN_OBJC_IMPLICIT_RETAIN_SELF = YES;
				CLANG_WARN_OBJC_LITERAL_CONVERSION = YES;
				CLANG_WARN_OBJC_ROOT_CLASS = YES_ERROR;
				CLANG_WARN_QUOTED_INCLUDE_IN_FRAMEWORK_HEADER = YES;
				CLANG_WARN_RANGE_LOOP_ANALYSIS = YES;
				CLANG_WARN_STRICT_PROTOTYPES = YES;
				CLANG_WARN_SUSPICIOUS_MOVE = YES;
				CLANG_WARN_UNGUARDED_AVAILABILITY = YES_AGGRESSIVE;
				CLANG_WARN_UNREACHABLE_CODE = YES;
				CLANG_WARN__DUPLICATE_METHOD_MATCH = YES;
				COPY_PHASE_STRIP = NO;
				DEBUG_INFORMATION_FORMAT = "dwarf-with-dsym";
				ENABLE_NS_ASSERTIONS = NO;
				ENABLE_STRICT_OBJC_MSGSEND = YES;
				GCC_C_LANGUAGE_STANDARD = gnu11;
				GCC_NO_COMMON_BLOCKS = YES;
				GCC_WARN_64_TO_32_BIT_CONVERSION = YES;
				GCC_WARN_ABOUT_RETURN_TYPE = YES_ERROR;
				GCC_WARN_UNDECLARED_SELECTOR = YES;
				GCC_WARN_UNINITIALIZED_AUTOS = YES_AGGRESSIVE;
				GCC_WARN_UNUSED_FUNCTION = YES;
				GCC_WARN_UNUSED_VARIABLE = YES;
				IPHONEOS_DEPLOYMENT_TARGET = 16.0;
				MTL_ENABLE_DEBUG_INFO = NO;
				MTL_FAST_MATH = YES;
				SDKROOT = iphoneos;
				SWIFT_COMPILATION_MODE = wholemodule;
				SWIFT_OPTIMIZATION_LEVEL = "-O";
				VALIDATE_PRODUCT = YES;
			};
			name = Release;
		};
		9342F0012916AFCB00E1C586 /* Debug */ = {
			isa = XCBuildConfiguration;
			baseConfigurationReference = 8A6CE9811D831DC0FFC1E3C0 /* Pods-blinqpost.debug.xcconfig */;
			buildSettings = {
				ASSETCATALOG_COMPILER_APPICON_NAME = AppIcon;
				ASSETCATALOG_COMPILER_GLOBAL_ACCENT_COLOR_NAME = AccentColor;
				CODE_SIGN_STYLE = Automatic;
				CURRENT_PROJECT_VERSION = 1;
				DEVELOPMENT_TEAM = NHDBVA4HXP;
				GENERATE_INFOPLIST_FILE = YES;
				INFOPLIST_FILE = blinqpost/Info.plist;
				INFOPLIST_KEY_UIApplicationSupportsIndirectInputEvents = YES;
				INFOPLIST_KEY_UILaunchStoryboardName = LaunchScreen;
				INFOPLIST_KEY_UISupportedInterfaceOrientations = UIInterfaceOrientationPortrait;
				INFOPLIST_KEY_UISupportedInterfaceOrientations_iPad = "UIInterfaceOrientationLandscapeLeft UIInterfaceOrientationLandscapeRight UIInterfaceOrientationPortrait UIInterfaceOrientationPortraitUpsideDown";
				LD_RUNPATH_SEARCH_PATHS = (
					"$(inherited)",
					"@executable_path/Frameworks",
				);
				MARKETING_VERSION = 1.0;
				PRODUCT_BUNDLE_IDENTIFIER = io.blinqpay.blinqpost;
				PRODUCT_NAME = "$(TARGET_NAME)";
				SWIFT_EMIT_LOC_STRINGS = YES;
				SWIFT_VERSION = 5.0;
				TARGETED_DEVICE_FAMILY = "1,2";
			};
			name = Debug;
		};
		9342F0022916AFCB00E1C586 /* Release */ = {
			isa = XCBuildConfiguration;
			baseConfigurationReference = 2660FA718ADA2F07CCA27071 /* Pods-blinqpost.release.xcconfig */;
			buildSettings = {
				ASSETCATALOG_COMPILER_APPICON_NAME = AppIcon;
				ASSETCATALOG_COMPILER_GLOBAL_ACCENT_COLOR_NAME = AccentColor;
				CODE_SIGN_STYLE = Automatic;
				CURRENT_PROJECT_VERSION = 1;
				DEVELOPMENT_TEAM = NHDBVA4HXP;
				GENERATE_INFOPLIST_FILE = YES;
				INFOPLIST_FILE = blinqpost/Info.plist;
				INFOPLIST_KEY_UIApplicationSupportsIndirectInputEvents = YES;
				INFOPLIST_KEY_UILaunchStoryboardName = LaunchScreen;
				INFOPLIST_KEY_UISupportedInterfaceOrientations = UIInterfaceOrientationPortrait;
				INFOPLIST_KEY_UISupportedInterfaceOrientations_iPad = "UIInterfaceOrientationLandscapeLeft UIInterfaceOrientationLandscapeRight UIInterfaceOrientationPortrait UIInterfaceOrientationPortraitUpsideDown";
				LD_RUNPATH_SEARCH_PATHS = (
					"$(inherited)",
					"@executable_path/Frameworks",
				);
				MARKETING_VERSION = 1.0;
				PRODUCT_BUNDLE_IDENTIFIER = io.blinqpay.blinqpost;
				PRODUCT_NAME = "$(TARGET_NAME)";
				SWIFT_EMIT_LOC_STRINGS = YES;
				SWIFT_VERSION = 5.0;
				TARGETED_DEVICE_FAMILY = "1,2";
			};
			name = Release;
		};
/* End XCBuildConfiguration section */

/* Begin XCConfigurationList section */
		9342EFE72916AFC900E1C586 /* Build configuration list for PBXProject "blinqpost" */ = {
			isa = XCConfigurationList;
			buildConfigurations = (
				9342EFFE2916AFCB00E1C586 /* Debug */,
				9342EFFF2916AFCB00E1C586 /* Release */,
			);
			defaultConfigurationIsVisible = 0;
			defaultConfigurationName = Release;
		};
		9342F0002916AFCB00E1C586 /* Build configuration list for PBXNativeTarget "blinqpost" */ = {
			isa = XCConfigurationList;
			buildConfigurations = (
				9342F0012916AFCB00E1C586 /* Debug */,
				9342F0022916AFCB00E1C586 /* Release */,
			);
			defaultConfigurationIsVisible = 0;
			defaultConfigurationName = Release;
		};
/* End XCConfigurationList section */

/* Begin XCRemoteSwiftPackageReference section */
		9322C400291DFFA700C90214 /* XCRemoteSwiftPackageReference "firebase-ios-sdk" */ = {
			isa = XCRemoteSwiftPackageReference;
			repositoryURL = "https://github.com/firebase/firebase-ios-sdk.git";
			requirement = {
				branch = master;
				kind = branch;
			};
		};
		93838D97291E41CB0095595D /* XCRemoteSwiftPackageReference "Kingfisher" */ = {
			isa = XCRemoteSwiftPackageReference;
			repositoryURL = "https://github.com/onevcat/Kingfisher.git";
			requirement = {
				branch = master;
				kind = branch;
			};
		};
/* End XCRemoteSwiftPackageReference section */

/* Begin XCSwiftPackageProductDependency section */
		9322C401291DFFA700C90214 /* FirebaseAnalyticsWithoutAdIdSupport */ = {
			isa = XCSwiftPackageProductDependency;
			package = 9322C400291DFFA700C90214 /* XCRemoteSwiftPackageReference "firebase-ios-sdk" */;
			productName = FirebaseAnalyticsWithoutAdIdSupport;
		};
		9322C403291DFFA700C90214 /* FirebaseFirestore */ = {
			isa = XCSwiftPackageProductDependency;
			package = 9322C400291DFFA700C90214 /* XCRemoteSwiftPackageReference "firebase-ios-sdk" */;
			productName = FirebaseFirestore;
		};
		9322C405291DFFA700C90214 /* FirebaseFirestoreSwift */ = {
			isa = XCSwiftPackageProductDependency;
			package = 9322C400291DFFA700C90214 /* XCRemoteSwiftPackageReference "firebase-ios-sdk" */;
			productName = FirebaseFirestoreSwift;
		};
		93838D98291E41CB0095595D /* Kingfisher */ = {
			isa = XCSwiftPackageProductDependency;
			package = 93838D97291E41CB0095595D /* XCRemoteSwiftPackageReference "Kingfisher" */;
			productName = Kingfisher;
		};
/* End XCSwiftPackageProductDependency section */
	};
	rootObject = 9342EFE42916AFC900E1C586 /* Project object */;
}
